# This file is automatically @generated by Cargo.
# It is not intended for manual editing.
version = 3

[[package]]
name = "aromlauncher-rs"
version = "0.1.0"
dependencies = [
 "ini",
]

[[package]]
name = "configparser"
version = "1.0.0"
source = "registry+https://github.com/rust-lang/crates.io-index"
checksum = "fe1d7dcda7d1da79e444bdfba1465f2f849a58b07774e1df473ee77030cb47a7"

[[package]]
name = "ini"
version = "1.3.0"
source = "registry+https://github.com/rust-lang/crates.io-index"
checksum = "0a9271a5dfd4228fa56a78d7508a35c321639cc71f783bb7a5723552add87bce"
dependencies = [
 "configparser",
]
